// !$*UTF8*$!
{
	archiveVersion = 1;
	classes = {
	};
	objectVersion = 50;
	objects = {

/* Begin PBXBuildFile section */
		BAB04C8D22843F1500FBCC67 /* AppDelegate.swift in Sources */ = {isa = PBXBuildFile; fileRef = BAB04C8C22843F1500FBCC67 /* AppDelegate.swift */; };
		BAB04C8F22843F1500FBCC67 /* ViewController.swift in Sources */ = {isa = PBXBuildFile; fileRef = BAB04C8E22843F1500FBCC67 /* ViewController.swift */; };
		BAB04C9222843F1500FBCC67 /* Main.storyboard in Resources */ = {isa = PBXBuildFile; fileRef = BAB04C9022843F1500FBCC67 /* Main.storyboard */; };
		BAB04C9522843F1600FBCC67 /* staticTableview.xcdatamodeld in Sources */ = {isa = PBXBuildFile; fileRef = BAB04C9322843F1600FBCC67 /* staticTableview.xcdatamodeld */; };
		BAB04C9722843F3D00FBCC67 /* Assets.xcassets in Resources */ = {isa = PBXBuildFile; fileRef = BAB04C9622843F3D00FBCC67 /* Assets.xcassets */; };
		BAB04C9A22843F3D00FBCC67 /* LaunchScreen.storyboard in Resources */ = {isa = PBXBuildFile; fileRef = BAB04C9822843F3D00FBCC67 /* LaunchScreen.storyboard */; };
		BAB04CA2228450EF00FBCC67 /* TableViewController.swift in Sources */ = {isa = PBXBuildFile; fileRef = BAB04CA1228450EF00FBCC67 /* TableViewController.swift */; };
/* End PBXBuildFile section */

/* Begin PBXFileReference section */
		BAB04C8922843F1500FBCC67 /* staticTableview.app */ = {isa = PBXFileReference; explicitFileType = wrapper.application; includeInIndex = 0; path = staticTableview.app; sourceTree = BUILT_PRODUCTS_DIR; };
		BAB04C8C22843F1500FBCC67 /* AppDelegate.swift */ = {isa = PBXFileReference; lastKnownFileType = sourcecode.swift; path = AppDelegate.swift; sourceTree = "<group>"; };
		BAB04C8E22843F1500FBCC67 /* ViewController.swift */ = {isa = PBXFileReference; lastKnownFileType = sourcecode.swift; path = ViewController.swift; sourceTree = "<group>"; };
		BAB04C9122843F1500FBCC67 /* Base */ = {isa = PBXFileReference; lastKnownFileType = file.storyboard; name = Base; path = Base.lproj/Main.storyboard; sourceTree = "<group>"; };
		BAB04C9422843F1600FBCC67 /* staticTableview.xcdatamodel */ = {isa = PBXFileReference; lastKnownFileType = wrapper.xcdatamodel; path = staticTableview.xcdatamodel; sourceTree = "<group>"; };
		BAB04C9622843F3D00FBCC67 /* Assets.xcassets */ = {isa = PBXFileReference; lastKnownFileType = folder.assetcatalog; path = Assets.xcassets; sourceTree = "<group>"; };
		BAB04C9922843F3D00FBCC67 /* Base */ = {isa = PBXFileReference; lastKnownFileType = file.storyboard; name = Base; path = Base.lproj/LaunchScreen.storyboard; sourceTree = "<group>"; };
		BAB04C9B22843F3D00FBCC67 /* Info.plist */ = {isa = PBXFileReference; lastKnownFileType = text.plist.xml; path = Info.plist; sourceTree = "<group>"; };
		BAB04CA1228450EF00FBCC67 /* TableViewController.swift */ = {isa = PBXFileReference; lastKnownFileType = sourcecode.swift; path = TableViewController.swift; sourceTree = "<group>"; };
/* End PBXFileReference section */

/* Begin PBXFrameworksBuildPhase section */
		BAB04C8622843F1500FBCC67 /* Frameworks */ = {
			isa = PBXFrameworksBuildPhase;
			buildActionMask = 2147483647;
			files = (
			);
			runOnlyForDeploymentPostprocessing = 0;
		};
/* End PBXFrameworksBuildPhase section */

/* Begin PBXGroup section */
		BAB04C8022843F1500FBCC67 = {
			isa = PBXGroup;
			children = (
				BAB04C8B22843F1500FBCC67 /* staticTableview */,
				BAB04C8A22843F1500FBCC67 /* Products */,
			);
			sourceTree = "<group>";
		};
		BAB04C8A22843F1500FBCC67 /* Products */ = {
			isa = PBXGroup;
			children = (
				BAB04C8922843F1500FBCC67 /* staticTableview.app */,
			);
			name = Products;
			sourceTree = "<group>";
		};
		BAB04C8B22843F1500FBCC67 /* staticTableview */ = {
			isa = PBXGroup;
			children = (
				BAB04C8C22843F1500FBCC67 /* AppDelegate.swift */,
				BAB04C8E22843F1500FBCC67 /* ViewController.swift */,
				BAB04C9022843F1500FBCC67 /* Main.storyboard */,
				BAB04C9622843F3D00FBCC67 /* Assets.xcassets */,
				BAB04C9822843F3D00FBCC67 /* LaunchScreen.storyboard */,
				BAB04C9B22843F3D00FBCC67 /* Info.plist */,
				BAB04C9322843F1600FBCC67 /* staticTableview.xcdatamodeld */,
				BAB04CA1228450EF00FBCC67 /* TableViewController.swift */,
			);
			path = staticTableview;
			sourceTree = "<group>";
		};
/* End PBXGroup section */

/* Begin PBXNativeTarget section */
		BAB04C8822843F1500FBCC67 /* staticTableview */ = {
			isa = PBXNativeTarget;
			buildConfigurationList = BAB04C9E22843F3D00FBCC67 /* Build configuration list for PBXNativeTarget "staticTableview" */;
			buildPhases = (
				BAB04C8522843F1500FBCC67 /* Sources */,
				BAB04C8622843F1500FBCC67 /* Frameworks */,
				BAB04C8722843F1500FBCC67 /* Resources */,
			);
			buildRules = (
			);
			dependencies = (
			);
			name = staticTableview;
			productName = staticTableview;
			productReference = BAB04C8922843F1500FBCC67 /* staticTableview.app */;
			productType = "com.apple.product-type.application";
		};
/* End PBXNativeTarget section */

/* Begin PBXProject section */
		BAB04C8122843F1500FBCC67 /* Project object */ = {
			isa = PBXProject;
			attributes = {
				LastSwiftUpdateCheck = 0930;
				LastUpgradeCheck = 0930;
				ORGANIZATIONNAME = "Esraa And Passant";
				TargetAttributes = {
					BAB04C8822843F1500FBCC67 = {
						CreatedOnToolsVersion = 9.3;
					};
				};
			};
			buildConfigurationList = BAB04C8422843F1500FBCC67 /* Build configuration list for PBXProject "staticTableview" */;
			compatibilityVersion = "Xcode 9.3";
			developmentRegion = en;
			hasScannedForEncodings = 0;
			knownRegions = (
				en,
				Base,
			);
			mainGroup = BAB04C8022843F1500FBCC67;
			productRefGroup = BAB04C8A22843F1500FBCC67 /* Products */;
			projectDirPath = "";
			projectRoot = "";
			targets = (
				BAB04C8822843F1500FBCC67 /* staticTableview */,
			);
		};
/* End PBXProject section */

/* Begin PBXResourcesBuildPhase section */
		BAB04C8722843F1500FBCC67 /* Resources */ = {
			isa = PBXResourcesBuildPhase;
			buildActionMask = 2147483647;
			files = (
				BAB04C9A22843F3D00FBCC67 /* LaunchScreen.storyboard in Resources */,
				BAB04C9722843F3D00FBCC67 /* Assets.xcassets in Resources */,
				BAB04C9222843F1500FBCC67 /* Main.storyboard in Resources */,
			);
			runOnlyForDeploymentPostprocessing = 0;
		};
/* End PBXResourcesBuildPhase section */

/* Begin PBXSourcesBuildPhase section */
		BAB04C8522843F1500FBCC67 /* Sources */ = {
			isa = PBXSourcesBuildPhase;
			buildActionMask = 2147483647;
			files = (
				BAB04C8F22843F1500FBCC67 /* ViewController.swift in Sources */,
				BAB04C9522843F1600FBCC67 /* staticTableview.xcdatamodeld in Sources */,
				BAB04C8D22843F1500FBCC67 /* AppDelegate.swift in Sources */,
				BAB04CA2228450EF00FBCC67 /* TableViewController.swift in Sources */,
			);
			runOnlyForDeploymentPostprocessing = 0;
		};
/* End PBXSourcesBuildPhase section */

/* Begin PBXVariantGroup section */
		BAB04C9022843F1500FBCC67 /* Main.storyboard */ = {
			isa = PBXVariantGroup;
			children = (
				BAB04C9122843F1500FBCC67 /* Base */,
			);
			name = Main.storyboard;
			sourceTree = "<group>";
		};
		BAB04C9822843F3D00FBCC67 /* LaunchScreen.storyboard */ = {
			isa = PBXVariantGroup;
			children = (
				BAB04C9922843F3D00FBCC67 /* Base */,
			);
			name = LaunchScreen.storyboard;
			sourceTree = "<group>";
		};
/* End PBXVariantGroup section */

/* Begin XCBuildConfiguration section */
		BAB04C9C22843F3D00FBCC67 /* Debug */ = {
			isa = XCBuildConfiguration;
			buildSettings = {
				ALWAYS_SEARCH_USER_PATHS = NO;
				CLANG_ANALYZER_NONNULL = YES;
				CLANG_ANALYZER_NUMBER_OBJECT_CONVERSION = YES_AGGRESSIVE;
				CLANG_CXX_LANGUAGE_STANDARD = "gnu++14";
				CLANG_CXX_LIBRARY = "libc++";
				CLANG_ENABLE_MODULES = YES;
				CLANG_ENABLE_OBJC_ARC = YES;
				CLANG_ENABLE_OBJC_WEAK = YES;
				CLANG_WARN_BLOCK_CAPTURE_AUTORELEASING = YES;
				CLANG_WARN_BOOL_CONVERSION = YES;
				CLANG_WARN_COMMA = YES;
				CLANG_WARN_CONSTANT_CONVERSION = YES;
				CLANG_WARN_DEPRECATED_OBJC_IMPLEMENTATIONS = YES;
				CLANG_WARN_DIRECT_OBJC_ISA_USAGE = YES_ERROR;
				CLANG_WARN_DOCUMENTATION_COMMENTS = YES;
				CLANG_WARN_EMPTY_BODY = YES;
				CLANG_WARN_ENUM_CONVERSION = YES;
				CLANG_WARN_INFINITE_RECURSION = YES;
				CLANG_WARN_INT_CONVERSION = YES;
				CLANG_WARN_NON_LITERAL_NULL_CONVERSION = YES;
				CLANG_WARN_OBJC_IMPLICIT_RETAIN_SELF = YES;
				CLANG_WARN_OBJC_LITERAL_CONVERSION = YES;
				CLANG_WARN_OBJC_ROOT_CLASS = YES_ERROR;
				CLANG_WARN_RANGE_LOOP_ANALYSIS = YES;
				CLANG_WARN_STRICT_PROTOTYPES = YES;
				CLANG_WARN_SUSPICIOUS_MOVE = YES;
				CLANG_WARN_UNGUARDED_AVAILABILITY = YES_AGGRESSIVE;
				CLANG_WARN_UNREACHABLE_CODE = YES;
				CLANG_WARN__DUPLICATE_METHOD_MATCH = YES;
				CODE_SIGN_IDENTITY = "iPhone Developer";
				COPY_PHASE_STRIP = NO;
				DEBUG_INFORMATION_FORMAT = dwarf;
				ENABLE_STRICT_OBJC_MSGSEND = YES;
				ENABLE_TESTABILITY = YES;
				GCC_C_LANGUAGE_STANDARD = gnu11;
				GCC_DYNAMIC_NO_PIC = NO;
				GCC_NO_COMMON_BLOCKS = YES;
				GCC_OPTIMIZATION_LEVEL = 0;
				GCC_PREPROCESSOR_DEFINITIONS = (
					"DEBUG=1",
					"$(inherited)",
				);
				GCC_WARN_64_TO_32_BIT_CONVERSION = YES;
				GCC_WARN_ABOUT_RETURN_TYPE = YES_ERROR;
				GCC_WARN_UNDECLARED_SELECTOR = YES;
				GCC_WARN_UNINITIALIZED_AUTOS = YES_AGGRESSIVE;
				GCC_WARN_UNUSED_FUNCTION = YES;
				GCC_WARN_UNUSED_VARIABLE = YES;
				IPHONEOS_DEPLOYMENT_TARGET = 11.3;
				MTL_ENABLE_DEBUG_INFO = YES;
				ONLY_ACTIVE_ARCH = YES;
				SDKROOT = iphoneos;
				SWIFT_ACTIVE_COMPILATION_CONDITIONS = DEBUG;
				SWIFT_OPTIMIZATION_LEVEL = "-Onone";
			};
			name = Debug;
		};
		BAB04C9D22843F3D00FBCC67 /* Release */ = {
			isa = XCBuildConfiguration;
			buildSettings = {
				ALWAYS_SEARCH_USER_PATHS = NO;
				CLANG_ANALYZER_NONNULL = YES;
				CLANG_ANALYZER_NUMBER_OBJECT_CONVERSION = YES_AGGRESSIVE;
				CLANG_CXX_LANGUAGE_STANDARD = "gnu++14";
				CLANG_CXX_LIBRARY = "libc++";
				CLANG_ENABLE_MODULES = YES;
				CLANG_ENABLE_OBJC_ARC = YES;
				CLANG_ENABLE_OBJC_WEAK = YES;
				CLANG_WARN_BLOCK_CAPTURE_AUTORELEASING = YES;
				CLANG_WARN_BOOL_CONVERSION = YES;
				CLANG_WARN_COMMA = YES;
				CLANG_WARN_CONSTANT_CONVERSION = YES;
				CLANG_WARN_DEPRECATED_OBJC_IMPLEMENTATIONS = YES;
				CLANG_WARN_DIRECT_OBJC_ISA_USAGE = YES_ERROR;
				CLANG_WARN_DOCUMENTATION_COMMENTS = YES;
				CLANG_WARN_EMPTY_BODY = YES;
				CLANG_WARN_ENUM_CONVERSION = YES;
				CLANG_WARN_INFINITE_RECURSION = YES;
				CLANG_WARN_INT_CONVERSION = YES;
				CLANG_WARN_NON_LITERAL_NULL_CONVERSION = YES;
				CLANG_WARN_OBJC_IMPLICIT_RETAIN_SELF = YES;
				CLANG_WARN_OBJC_LITERAL_CONVERSION = YES;
				CLANG_WARN_OBJC_ROOT_CLASS = YES_ERROR;
				CLANG_WARN_RANGE_LOOP_ANALYSIS = YES;
				CLANG_WARN_STRICT_PROTOTYPES = YES;
				CLANG_WARN_SUSPICIOUS_MOVE = YES;
				CLANG_WARN_UNGUARDED_AVAILABILITY = YES_AGGRESSIVE;
				CLANG_WARN_UNREACHABLE_CODE = YES;
				CLANG_WARN__DUPLICATE_METHOD_MATCH = YES;
				CODE_SIGN_IDENTITY = "iPhone Developer";
				COPY_PHASE_STRIP = NO;
				DEBUG_INFORMATION_FORMAT = "dwarf-with-dsym";
				ENABLE_NS_ASSERTIONS = NO;
				ENABLE_STRICT_OBJC_MSGSEND = YES;
				GCC_C_LANGUAGE_STANDARD = gnu11;
				GCC_NO_COMMON_BLOCKS = YES;
				GCC_WARN_64_TO_32_BIT_CONVERSION = YES;
				GCC_WARN_ABOUT_RETURN_TYPE = YES_ERROR;
				GCC_WARN_UNDECLARED_SELECTOR = YES;
				GCC_WARN_UNINITIALIZED_AUTOS = YES_AGGRESSIVE;
				GCC_WARN_UNUSED_FUNCTION = YES;
				GCC_WARN_UNUSED_VARIABLE = YES;
				IPHONEOS_DEPLOYMENT_TARGET = 11.3;
				MTL_ENABLE_DEBUG_INFO = NO;
				SDKROOT = iphoneos;
				SWIFT_COMPILATION_MODE = wholemodule;
				SWIFT_OPTIMIZATION_LEVEL = "-O";
				VALIDATE_PRODUCT = YES;
			};
			name = Release;
		};
		BAB04C9F22843F3D00FBCC67 /* Debug */ = {
			isa = XCBuildConfiguration;
			buildSettings = {
				ASSETCATALOG_COMPILER_APPICON_NAME = AppIcon;
				CODE_SIGN_STYLE = Automatic;
				INFOPLIST_FILE = staticTableview/Info.plist;
				LD_RUNPATH_SEARCH_PATHS = (
					"$(inherited)",
					"@executable_path/Frameworks",
				);
				PRODUCT_BUNDLE_IDENTIFIER = com.ep.staticTableview;
				PRODUCT_NAME = "$(TARGET_NAME)";
				SWIFT_VERSION = 4.0;
				TARGETED_DEVICE_FAMILY = "1,2";
			};
			name = Debug;
		};
		BAB04CA022843F3D00FBCC67 /* Release */ = {
			isa = XCBuildConfiguration;
			buildSettings = {
				ASSETCATALOG_COMPILER_APPICON_NAME = AppIcon;
				CODE_SIGN_STYLE = Automatic;
				INFOPLIST_FILE = staticTableview/Info.plist;
				LD_RUNPATH_SEARCH_PATHS = (
					"$(inherited)",
					"@executable_path/Frameworks",
				);
				PRODUCT_BUNDLE_IDENTIFIER = com.ep.staticTableview;
				PRODUCT_NAME = "$(TARGET_NAME)";
				SWIFT_VERSION = 4.0;
				TARGETED_DEVICE_FAMILY = "1,2";
			};
			name = Release;
		};
/* End XCBuildConfiguration section */

/* Begin XCConfigurationList section */
		BAB04C8422843F1500FBCC67 /* Build configuration list for PBXProject "staticTableview" */ = {
			isa = XCConfigurationList;
			buildConfigurations = (
				BAB04C9C22843F3D00FBCC67 /* Debug */,
				BAB04C9D22843F3D00FBCC67 /* Release */,
			);
			defaultConfigurationIsVisible = 0;
			defaultConfigurationName = Release;
		};
		BAB04C9E22843F3D00FBCC67 /* Build configuration list for PBXNativeTarget "staticTableview" */ = {
			isa = XCConfigurationList;
			buildConfigurations = (
				BAB04C9F22843F3D00FBCC67 /* Debug */,
				BAB04CA022843F3D00FBCC67 /* Release */,
			);
			defaultConfigurationIsVisible = 0;
			defaultConfigurationName = Release;
		};
/* End XCConfigurationList section */

/* Begin XCVersionGroup section */
		BAB04C9322843F1600FBCC67 /* staticTableview.xcdatamodeld */ = {
			isa = XCVersionGroup;
			children = (
				BAB04C9422843F1600FBCC67 /* staticTableview.xcdatamodel */,
			);
			currentVersion = BAB04C9422843F1600FBCC67 /* staticTableview.xcdatamodel */;
			path = staticTableview.xcdatamodeld;
			sourceTree = "<group>";
			versionGroupType = wrapper.xcdatamodel;
		};
/* End XCVersionGroup section */
	};
	rootObject = BAB04C8122843F1500FBCC67 /* Project object */;
}
